
Microsoft Visual Studio Solution File, Format Version 12.00
# Visual Studio 14
VisualStudioVersion = 14.0.25123.0
MinimumVisualStudioVersion = 10.0.40219.1
Project("{FAE04EC0-301F-11D3-BF4B-00C04F79EFBC}") = "LocalDatabase.Droid", "LocalDatabase\LocalDatabase.Droid\LocalDatabase.Droid.csproj", "{54CD5502-7A01-4FBC-974F-2492F992CBFA}"
EndProject
Project("{FAE04EC0-301F-11D3-BF4B-00C04F79EFBC}") = "LocalDatabase.iOS", "LocalDatabase\LocalDatabase.iOS\LocalDatabase.iOS.csproj", "{63BB57D3-5387-4473-8DF7-74FCFE0AF15F}"
EndProject
Project("{FAE04EC0-301F-11D3-BF4B-00C04F79EFBC}") = "LocalDatabase.WinPhone", "LocalDatabase\LocalDatabase.WinPhone\LocalDatabase.WinPhone.csproj", "{930BA7F7-F8AF-4784-B7FB-E546A456E805}"
EndProject
Project("{FAE04EC0-301F-11D3-BF4B-00C04F79EFBC}") = "LocalDatabase.Windows", "LocalDatabase\LocalDatabase.Windows\LocalDatabase.Windows.csproj", "{C013961E-9606-4D1C-BE52-7DB099145F3B}"
EndProject
Project("{FAE04EC0-301F-11D3-BF4B-00C04F79EFBC}") = "LocalDatabase", "LocalDatabase\LocalDatabase\LocalDatabase.csproj", "{3E880110-8A58-46E9-8556-9842DC64DD32}"
EndProject
Global
	GlobalSection(SolutionConfigurationPlatforms) = preSolution
		Ad-Hoc|Any CPU = Ad-Hoc|Any CPU
		Ad-Hoc|ARM = Ad-Hoc|ARM
		Ad-Hoc|iPhone = Ad-Hoc|iPhone
		Ad-Hoc|iPhoneSimulator = Ad-Hoc|iPhoneSimulator
		Ad-Hoc|x64 = Ad-Hoc|x64
		Ad-Hoc|x86 = Ad-Hoc|x86
		AppStore|Any CPU = AppStore|Any CPU
		AppStore|ARM = AppStore|ARM
		AppStore|iPhone = AppStore|iPhone
		AppStore|iPhoneSimulator = AppStore|iPhoneSimulator
		AppStore|x64 = AppStore|x64
		AppStore|x86 = AppStore|x86
		Debug|Any CPU = Debug|Any CPU
		Debug|ARM = Debug|ARM
		Debug|iPhone = Debug|iPhone
		Debug|iPhoneSimulator = Debug|iPhoneSimulator
		Debug|x64 = Debug|x64
		Debug|x86 = Debug|x86
		Release|Any CPU = Release|Any CPU
		Release|ARM = Release|ARM
		Release|iPhone = Release|iPhone
		Release|iPhoneSimulator = Release|iPhoneSimulator
		Release|x64 = Release|x64
		Release|x86 = Release|x86
	EndGlobalSection
	GlobalSection(ProjectConfigurationPlatforms) = postSolution
		{54CD5502-7A01-4FBC-974F-2492F992CBFA}.Ad-Hoc|Any CPU.ActiveCfg = Release|Any CPU
		{54CD5502-7A01-4FBC-974F-2492F992CBFA}.Ad-Hoc|Any CPU.Build.0 = Release|Any CPU
		{54CD5502-7A01-4FBC-974F-2492F992CBFA}.Ad-Hoc|Any CPU.Deploy.0 = Release|Any CPU
		{54CD5502-7A01-4FBC-974F-2492F992CBFA}.Ad-Hoc|ARM.ActiveCfg = Release|Any CPU
		{54CD5502-7A01-4FBC-974F-2492F992CBFA}.Ad-Hoc|ARM.Build.0 = Release|Any CPU
		{54CD5502-7A01-4FBC-974F-2492F992CBFA}.Ad-Hoc|ARM.Deploy.0 = Release|Any CPU
		{54CD5502-7A01-4FBC-974F-2492F992CBFA}.Ad-Hoc|iPhone.ActiveCfg = Release|Any CPU
		{54CD5502-7A01-4FBC-974F-2492F992CBFA}.Ad-Hoc|iPhone.Build.0 = Release|Any CPU
		{54CD5502-7A01-4FBC-974F-2492F992CBFA}.Ad-Hoc|iPhone.Deploy.0 = Release|Any CPU
		{54CD5502-7A01-4FBC-974F-2492F992CBFA}.Ad-Hoc|iPhoneSimulator.ActiveCfg = Release|Any CPU
		{54CD5502-7A01-4FBC-974F-2492F992CBFA}.Ad-Hoc|iPhoneSimulator.Build.0 = Release|Any CPU
		{54CD5502-7A01-4FBC-974F-2492F992CBFA}.Ad-Hoc|iPhoneSimulator.Deploy.0 = Release|Any CPU
		{54CD5502-7A01-4FBC-974F-2492F992CBFA}.Ad-Hoc|x64.ActiveCfg = Release|Any CPU
		{54CD5502-7A01-4FBC-974F-2492F992CBFA}.Ad-Hoc|x64.Build.0 = Release|Any CPU
		{54CD5502-7A01-4FBC-974F-2492F992CBFA}.Ad-Hoc|x64.Deploy.0 = Release|Any CPU
		{54CD5502-7A01-4FBC-974F-2492F992CBFA}.Ad-Hoc|x86.ActiveCfg = Release|Any CPU
		{54CD5502-7A01-4FBC-974F-2492F992CBFA}.Ad-Hoc|x86.Build.0 = Release|Any CPU
		{54CD5502-7A01-4FBC-974F-2492F992CBFA}.Ad-Hoc|x86.Deploy.0 = Release|Any CPU
		{54CD5502-7A01-4FBC-974F-2492F992CBFA}.AppStore|Any CPU.ActiveCfg = Release|Any CPU
		{54CD5502-7A01-4FBC-974F-2492F992CBFA}.AppStore|Any CPU.Build.0 = Release|Any CPU
		{54CD5502-7A01-4FBC-974F-2492F992CBFA}.AppStore|Any CPU.Deploy.0 = Release|Any CPU
		{54CD5502-7A01-4FBC-974F-2492F992CBFA}.AppStore|ARM.ActiveCfg = Release|Any CPU
		{54CD5502-7A01-4FBC-974F-2492F992CBFA}.AppStore|ARM.Build.0 = Release|Any CPU
		{54CD5502-7A01-4FBC-974F-2492F992CBFA}.AppStore|ARM.Deploy.0 = Release|Any CPU
		{54CD5502-7A01-4FBC-974F-2492F992CBFA}.AppStore|iPhone.ActiveCfg = Release|Any CPU
		{54CD5502-7A01-4FBC-974F-2492F992CBFA}.AppStore|iPhone.Build.0 = Release|Any CPU
		{54CD5502-7A01-4FBC-974F-2492F992CBFA}.AppStore|iPhone.Deploy.0 = Release|Any CPU
		{54CD5502-7A01-4FBC-974F-2492F992CBFA}.AppStore|iPhoneSimulator.ActiveCfg = Release|Any CPU
		{54CD5502-7A01-4FBC-974F-2492F992CBFA}.AppStore|iPhoneSimulator.Build.0 = Release|Any CPU
		{54CD5502-7A01-4FBC-974F-2492F992CBFA}.AppStore|iPhoneSimulator.Deploy.0 = Release|Any CPU
		{54CD5502-7A01-4FBC-974F-2492F992CBFA}.AppStore|x64.ActiveCfg = Release|Any CPU
		{54CD5502-7A01-4FBC-974F-2492F992CBFA}.AppStore|x64.Build.0 = Release|Any CPU
		{54CD5502-7A01-4FBC-974F-2492F992CBFA}.AppStore|x64.Deploy.0 = Release|Any CPU
		{54CD5502-7A01-4FBC-974F-2492F992CBFA}.AppStore|x86.ActiveCfg = Release|Any CPU
		{54CD5502-7A01-4FBC-974F-2492F992CBFA}.AppStore|x86.Build.0 = Release|Any CPU
		{54CD5502-7A01-4FBC-974F-2492F992CBFA}.AppStore|x86.Deploy.0 = Release|Any CPU
		{54CD5502-7A01-4FBC-974F-2492F992CBFA}.Debug|Any CPU.ActiveCfg = Debug|Any CPU
		{54CD5502-7A01-4FBC-974F-2492F992CBFA}.Debug|Any CPU.Build.0 = Debug|Any CPU
		{54CD5502-7A01-4FBC-974F-2492F992CBFA}.Debug|Any CPU.Deploy.0 = Debug|Any CPU
		{54CD5502-7A01-4FBC-974F-2492F992CBFA}.Debug|ARM.ActiveCfg = Debug|Any CPU
		{54CD5502-7A01-4FBC-974F-2492F992CBFA}.Debug|ARM.Build.0 = Debug|Any CPU
		{54CD5502-7A01-4FBC-974F-2492F992CBFA}.Debug|ARM.Deploy.0 = Debug|Any CPU
		{54CD5502-7A01-4FBC-974F-2492F992CBFA}.Debug|iPhone.ActiveCfg = Debug|Any CPU
		{54CD5502-7A01-4FBC-974F-2492F992CBFA}.Debug|iPhone.Build.0 = Debug|Any CPU
		{54CD5502-7A01-4FBC-974F-2492F992CBFA}.Debug|iPhone.Deploy.0 = Debug|Any CPU
		{54CD5502-7A01-4FBC-974F-2492F992CBFA}.Debug|iPhoneSimulator.ActiveCfg = Debug|Any CPU
		{54CD5502-7A01-4FBC-974F-2492F992CBFA}.Debug|iPhoneSimulator.Build.0 = Debug|Any CPU
		{54CD5502-7A01-4FBC-974F-2492F992CBFA}.Debug|iPhoneSimulator.Deploy.0 = Debug|Any CPU
		{54CD5502-7A01-4FBC-974F-2492F992CBFA}.Debug|x64.ActiveCfg = Debug|Any CPU
		{54CD5502-7A01-4FBC-974F-2492F992CBFA}.Debug|x64.Build.0 = Debug|Any CPU
		{54CD5502-7A01-4FBC-974F-2492F992CBFA}.Debug|x64.Deploy.0 = Debug|Any CPU
		{54CD5502-7A01-4FBC-974F-2492F992CBFA}.Debug|x86.ActiveCfg = Debug|Any CPU
		{54CD5502-7A01-4FBC-974F-2492F992CBFA}.Debug|x86.Build.0 = Debug|Any CPU
		{54CD5502-7A01-4FBC-974F-2492F992CBFA}.Debug|x86.Deploy.0 = Debug|Any CPU
		{54CD5502-7A01-4FBC-974F-2492F992CBFA}.Release|Any CPU.ActiveCfg = Release|Any CPU
		{54CD5502-7A01-4FBC-974F-2492F992CBFA}.Release|Any CPU.Build.0 = Release|Any CPU
		{54CD5502-7A01-4FBC-974F-2492F992CBFA}.Release|Any CPU.Deploy.0 = Release|Any CPU
		{54CD5502-7A01-4FBC-974F-2492F992CBFA}.Release|ARM.ActiveCfg = Release|Any CPU
		{54CD5502-7A01-4FBC-974F-2492F992CBFA}.Release|ARM.Build.0 = Release|Any CPU
		{54CD5502-7A01-4FBC-974F-2492F992CBFA}.Release|ARM.Deploy.0 = Release|Any CPU
		{54CD5502-7A01-4FBC-974F-2492F992CBFA}.Release|iPhone.ActiveCfg = Release|Any CPU
		{54CD5502-7A01-4FBC-974F-2492F992CBFA}.Release|iPhone.Build.0 = Release|Any CPU
		{54CD5502-7A01-4FBC-974F-2492F992CBFA}.Release|iPhone.Deploy.0 = Release|Any CPU
		{54CD5502-7A01-4FBC-974F-2492F992CBFA}.Release|iPhoneSimulator.ActiveCfg = Release|Any CPU
		{54CD5502-7A01-4FBC-974F-2492F992CBFA}.Release|iPhoneSimulator.Build.0 = Release|Any CPU
		{54CD5502-7A01-4FBC-974F-2492F992CBFA}.Release|iPhoneSimulator.Deploy.0 = Release|Any CPU
		{54CD5502-7A01-4FBC-974F-2492F992CBFA}.Release|x64.ActiveCfg = Release|Any CPU
		{54CD5502-7A01-4FBC-974F-2492F992CBFA}.Release|x64.Build.0 = Release|Any CPU
		{54CD5502-7A01-4FBC-974F-2492F992CBFA}.Release|x64.Deploy.0 = Release|Any CPU
		{54CD5502-7A01-4FBC-974F-2492F992CBFA}.Release|x86.ActiveCfg = Release|Any CPU
		{54CD5502-7A01-4FBC-974F-2492F992CBFA}.Release|x86.Build.0 = Release|Any CPU
		{54CD5502-7A01-4FBC-974F-2492F992CBFA}.Release|x86.Deploy.0 = Release|Any CPU
		{63BB57D3-5387-4473-8DF7-74FCFE0AF15F}.Ad-Hoc|Any CPU.ActiveCfg = Ad-Hoc|iPhone
		{63BB57D3-5387-4473-8DF7-74FCFE0AF15F}.Ad-Hoc|ARM.ActiveCfg = Ad-Hoc|iPhone
		{63BB57D3-5387-4473-8DF7-74FCFE0AF15F}.Ad-Hoc|iPhone.ActiveCfg = Ad-Hoc|iPhone
		{63BB57D3-5387-4473-8DF7-74FCFE0AF15F}.Ad-Hoc|iPhone.Build.0 = Ad-Hoc|iPhone
		{63BB57D3-5387-4473-8DF7-74FCFE0AF15F}.Ad-Hoc|iPhoneSimulator.ActiveCfg = Ad-Hoc|iPhoneSimulator
		{63BB57D3-5387-4473-8DF7-74FCFE0AF15F}.Ad-Hoc|iPhoneSimulator.Build.0 = Ad-Hoc|iPhoneSimulator
		{63BB57D3-5387-4473-8DF7-74FCFE0AF15F}.Ad-Hoc|x64.ActiveCfg = Ad-Hoc|iPhone
		{63BB57D3-5387-4473-8DF7-74FCFE0AF15F}.Ad-Hoc|x86.ActiveCfg = Ad-Hoc|iPhone
		{63BB57D3-5387-4473-8DF7-74FCFE0AF15F}.AppStore|Any CPU.ActiveCfg = AppStore|iPhone
		{63BB57D3-5387-4473-8DF7-74FCFE0AF15F}.AppStore|ARM.ActiveCfg = AppStore|iPhone
		{63BB57D3-5387-4473-8DF7-74FCFE0AF15F}.AppStore|iPhone.ActiveCfg = AppStore|iPhone
		{63BB57D3-5387-4473-8DF7-74FCFE0AF15F}.AppStore|iPhone.Build.0 = AppStore|iPhone
		{63BB57D3-5387-4473-8DF7-74FCFE0AF15F}.AppStore|iPhoneSimulator.ActiveCfg = AppStore|iPhoneSimulator
		{63BB57D3-5387-4473-8DF7-74FCFE0AF15F}.AppStore|iPhoneSimulator.Build.0 = AppStore|iPhoneSimulator
		{63BB57D3-5387-4473-8DF7-74FCFE0AF15F}.AppStore|x64.ActiveCfg = AppStore|iPhone
		{63BB57D3-5387-4473-8DF7-74FCFE0AF15F}.AppStore|x86.ActiveCfg = AppStore|iPhone
		{63BB57D3-5387-4473-8DF7-74FCFE0AF15F}.Debug|Any CPU.ActiveCfg = Debug|iPhone
		{63BB57D3-5387-4473-8DF7-74FCFE0AF15F}.Debug|ARM.ActiveCfg = Debug|iPhone
		{63BB57D3-5387-4473-8DF7-74FCFE0AF15F}.Debug|iPhone.ActiveCfg = Debug|iPhone
		{63BB57D3-5387-4473-8DF7-74FCFE0AF15F}.Debug|iPhone.Build.0 = Debug|iPhone
		{63BB57D3-5387-4473-8DF7-74FCFE0AF15F}.Debug|iPhoneSimulator.ActiveCfg = Debug|iPhoneSimulator
		{63BB57D3-5387-4473-8DF7-74FCFE0AF15F}.Debug|iPhoneSimulator.Build.0 = Debug|iPhoneSimulator
		{63BB57D3-5387-4473-8DF7-74FCFE0AF15F}.Debug|x64.ActiveCfg = Debug|iPhone
		{63BB57D3-5387-4473-8DF7-74FCFE0AF15F}.Debug|x86.ActiveCfg = Debug|iPhone
		{63BB57D3-5387-4473-8DF7-74FCFE0AF15F}.Release|Any CPU.ActiveCfg = Release|iPhone
		{63BB57D3-5387-4473-8DF7-74FCFE0AF15F}.Release|ARM.ActiveCfg = Release|iPhone
		{63BB57D3-5387-4473-8DF7-74FCFE0AF15F}.Release|iPhone.ActiveCfg = Release|iPhone
		{63BB57D3-5387-4473-8DF7-74FCFE0AF15F}.Release|iPhone.Build.0 = Release|iPhone
		{63BB57D3-5387-4473-8DF7-74FCFE0AF15F}.Release|iPhoneSimulator.ActiveCfg = Release|iPhoneSimulator
		{63BB57D3-5387-4473-8DF7-74FCFE0AF15F}.Release|iPhoneSimulator.Build.0 = Release|iPhoneSimulator
		{63BB57D3-5387-4473-8DF7-74FCFE0AF15F}.Release|x64.ActiveCfg = Release|iPhone
		{63BB57D3-5387-4473-8DF7-74FCFE0AF15F}.Release|x86.ActiveCfg = Release|iPhone
		{930BA7F7-F8AF-4784-B7FB-E546A456E805}.Ad-Hoc|Any CPU.ActiveCfg = Release|Any CPU
		{930BA7F7-F8AF-4784-B7FB-E546A456E805}.Ad-Hoc|Any CPU.Build.0 = Release|Any CPU
		{930BA7F7-F8AF-4784-B7FB-E546A456E805}.Ad-Hoc|Any CPU.Deploy.0 = Release|Any CPU
		{930BA7F7-F8AF-4784-B7FB-E546A456E805}.Ad-Hoc|ARM.ActiveCfg = Release|ARM
		{930BA7F7-F8AF-4784-B7FB-E546A456E805}.Ad-Hoc|ARM.Build.0 = Release|ARM
		{930BA7F7-F8AF-4784-B7FB-E546A456E805}.Ad-Hoc|ARM.Deploy.0 = Release|ARM
		{930BA7F7-F8AF-4784-B7FB-E546A456E805}.Ad-Hoc|iPhone.ActiveCfg = Release|Any CPU
		{930BA7F7-F8AF-4784-B7FB-E546A456E805}.Ad-Hoc|iPhone.Build.0 = Release|Any CPU
		{930BA7F7-F8AF-4784-B7FB-E546A456E805}.Ad-Hoc|iPhone.Deploy.0 = Release|Any CPU
		{930BA7F7-F8AF-4784-B7FB-E546A456E805}.Ad-Hoc|iPhoneSimulator.ActiveCfg = Release|Any CPU
		{930BA7F7-F8AF-4784-B7FB-E546A456E805}.Ad-Hoc|iPhoneSimulator.Build.0 = Release|Any CPU
		{930BA7F7-F8AF-4784-B7FB-E546A456E805}.Ad-Hoc|iPhoneSimulator.Deploy.0 = Release|Any CPU
		{930BA7F7-F8AF-4784-B7FB-E546A456E805}.Ad-Hoc|x64.ActiveCfg = Release|Any CPU
		{930BA7F7-F8AF-4784-B7FB-E546A456E805}.Ad-Hoc|x64.Build.0 = Release|Any CPU
		{930BA7F7-F8AF-4784-B7FB-E546A456E805}.Ad-Hoc|x64.Deploy.0 = Release|Any CPU
		{930BA7F7-F8AF-4784-B7FB-E546A456E805}.Ad-Hoc|x86.ActiveCfg = Release|x86
		{930BA7F7-F8AF-4784-B7FB-E546A456E805}.Ad-Hoc|x86.Build.0 = Release|x86
		{930BA7F7-F8AF-4784-B7FB-E546A456E805}.Ad-Hoc|x86.Deploy.0 = Release|x86
		{930BA7F7-F8AF-4784-B7FB-E546A456E805}.AppStore|Any CPU.ActiveCfg = Release|Any CPU
		{930BA7F7-F8AF-4784-B7FB-E546A456E805}.AppStore|Any CPU.Build.0 = Release|Any CPU
		{930BA7F7-F8AF-4784-B7FB-E546A456E805}.AppStore|Any CPU.Deploy.0 = Release|Any CPU
		{930BA7F7-F8AF-4784-B7FB-E546A456E805}.AppStore|ARM.ActiveCfg = Release|ARM
		{930BA7F7-F8AF-4784-B7FB-E546A456E805}.AppStore|ARM.Build.0 = Release|ARM
		{930BA7F7-F8AF-4784-B7FB-E546A456E805}.AppStore|ARM.Deploy.0 = Release|ARM
		{930BA7F7-F8AF-4784-B7FB-E546A456E805}.AppStore|iPhone.ActiveCfg = Release|Any CPU
		{930BA7F7-F8AF-4784-B7FB-E546A456E805}.AppStore|iPhone.Build.0 = Release|Any CPU
		{930BA7F7-F8AF-4784-B7FB-E546A456E805}.AppStore|iPhone.Deploy.0 = Release|Any CPU
		{930BA7F7-F8AF-4784-B7FB-E546A456E805}.AppStore|iPhoneSimulator.ActiveCfg = Release|Any CPU
		{930BA7F7-F8AF-4784-B7FB-E546A456E805}.AppStore|iPhoneSimulator.Build.0 = Release|Any CPU
		{930BA7F7-F8AF-4784-B7FB-E546A456E805}.AppStore|iPhoneSimulator.Deploy.0 = Release|Any CPU
		{930BA7F7-F8AF-4784-B7FB-E546A456E805}.AppStore|x64.ActiveCfg = Release|Any CPU
		{930BA7F7-F8AF-4784-B7FB-E546A456E805}.AppStore|x64.Build.0 = Release|Any CPU
		{930BA7F7-F8AF-4784-B7FB-E546A456E805}.AppStore|x64.Deploy.0 = Release|Any CPU
		{930BA7F7-F8AF-4784-B7FB-E546A456E805}.AppStore|x86.ActiveCfg = Release|x86
		{930BA7F7-F8AF-4784-B7FB-E546A456E805}.AppStore|x86.Build.0 = Release|x86
		{930BA7F7-F8AF-4784-B7FB-E546A456E805}.AppStore|x86.Deploy.0 = Release|x86
		{930BA7F7-F8AF-4784-B7FB-E546A456E805}.Debug|Any CPU.ActiveCfg = Debug|Any CPU
		{930BA7F7-F8AF-4784-B7FB-E546A456E805}.Debug|Any CPU.Build.0 = Debug|Any CPU
		{930BA7F7-F8AF-4784-B7FB-E546A456E805}.Debug|Any CPU.Deploy.0 = Debug|Any CPU
		{930BA7F7-F8AF-4784-B7FB-E546A456E805}.Debug|ARM.ActiveCfg = Debug|ARM
		{930BA7F7-F8AF-4784-B7FB-E546A456E805}.Debug|ARM.Build.0 = Debug|ARM
		{930BA7F7-F8AF-4784-B7FB-E546A456E805}.Debug|ARM.Deploy.0 = Debug|ARM
		{930BA7F7-F8AF-4784-B7FB-E546A456E805}.Debug|iPhone.ActiveCfg = Debug|Any CPU
		{930BA7F7-F8AF-4784-B7FB-E546A456E805}.Debug|iPhone.Build.0 = Debug|Any CPU
		{930BA7F7-F8AF-4784-B7FB-E546A456E805}.Debug|iPhone.Deploy.0 = Debug|Any CPU
		{930BA7F7-F8AF-4784-B7FB-E546A456E805}.Debug|iPhoneSimulator.ActiveCfg = Debug|Any CPU
		{930BA7F7-F8AF-4784-B7FB-E546A456E805}.Debug|iPhoneSimulator.Build.0 = Debug|Any CPU
		{930BA7F7-F8AF-4784-B7FB-E546A456E805}.Debug|iPhoneSimulator.Deploy.0 = Debug|Any CPU
		{930BA7F7-F8AF-4784-B7FB-E546A456E805}.Debug|x64.ActiveCfg = Debug|Any CPU
		{930BA7F7-F8AF-4784-B7FB-E546A456E805}.Debug|x64.Build.0 = Debug|Any CPU
		{930BA7F7-F8AF-4784-B7FB-E546A456E805}.Debug|x64.Deploy.0 = Debug|Any CPU
		{930BA7F7-F8AF-4784-B7FB-E546A456E805}.Debug|x86.ActiveCfg = Debug|x86
		{930BA7F7-F8AF-4784-B7FB-E546A456E805}.Debug|x86.Build.0 = Debug|x86
		{930BA7F7-F8AF-4784-B7FB-E546A456E805}.Debug|x86.Deploy.0 = Debug|x86
		{930BA7F7-F8AF-4784-B7FB-E546A456E805}.Release|Any CPU.ActiveCfg = Release|Any CPU
		{930BA7F7-F8AF-4784-B7FB-E546A456E805}.Release|Any CPU.Build.0 = Release|Any CPU
		{930BA7F7-F8AF-4784-B7FB-E546A456E805}.Release|Any CPU.Deploy.0 = Release|Any CPU
		{930BA7F7-F8AF-4784-B7FB-E546A456E805}.Release|ARM.ActiveCfg = Release|ARM
		{930BA7F7-F8AF-4784-B7FB-E546A456E805}.Release|ARM.Build.0 = Release|ARM
		{930BA7F7-F8AF-4784-B7FB-E546A456E805}.Release|ARM.Deploy.0 = Release|ARM
		{930BA7F7-F8AF-4784-B7FB-E546A456E805}.Release|iPhone.ActiveCfg = Release|Any CPU
		{930BA7F7-F8AF-4784-B7FB-E546A456E805}.Release|iPhone.Build.0 = Release|Any CPU
		{930BA7F7-F8AF-4784-B7FB-E546A456E805}.Release|iPhone.Deploy.0 = Release|Any CPU
		{930BA7F7-F8AF-4784-B7FB-E546A456E805}.Release|iPhoneSimulator.ActiveCfg = Release|Any CPU
		{930BA7F7-F8AF-4784-B7FB-E546A456E805}.Release|iPhoneSimulator.Build.0 = Release|Any CPU
		{930BA7F7-F8AF-4784-B7FB-E546A456E805}.Release|iPhoneSimulator.Deploy.0 = Release|Any CPU
		{930BA7F7-F8AF-4784-B7FB-E546A456E805}.Release|x64.ActiveCfg = Release|Any CPU
		{930BA7F7-F8AF-4784-B7FB-E546A456E805}.Release|x64.Build.0 = Release|Any CPU
		{930BA7F7-F8AF-4784-B7FB-E546A456E805}.Release|x64.Deploy.0 = Release|Any CPU
		{930BA7F7-F8AF-4784-B7FB-E546A456E805}.Release|x86.ActiveCfg = Release|x86
		{930BA7F7-F8AF-4784-B7FB-E546A456E805}.Release|x86.Build.0 = Release|x86
		{930BA7F7-F8AF-4784-B7FB-E546A456E805}.Release|x86.Deploy.0 = Release|x86
		{C013961E-9606-4D1C-BE52-7DB099145F3B}.Ad-Hoc|Any CPU.ActiveCfg = Release|Any CPU
		{C013961E-9606-4D1C-BE52-7DB099145F3B}.Ad-Hoc|Any CPU.Build.0 = Release|Any CPU
		{C013961E-9606-4D1C-BE52-7DB099145F3B}.Ad-Hoc|Any CPU.Deploy.0 = Release|Any CPU
		{C013961E-9606-4D1C-BE52-7DB099145F3B}.Ad-Hoc|ARM.ActiveCfg = Release|ARM
		{C013961E-9606-4D1C-BE52-7DB099145F3B}.Ad-Hoc|ARM.Build.0 = Release|ARM
		{C013961E-9606-4D1C-BE52-7DB099145F3B}.Ad-Hoc|ARM.Deploy.0 = Release|ARM
		{C013961E-9606-4D1C-BE52-7DB099145F3B}.Ad-Hoc|iPhone.ActiveCfg = Release|Any CPU
		{C013961E-9606-4D1C-BE52-7DB099145F3B}.Ad-Hoc|iPhone.Build.0 = Release|Any CPU
		{C013961E-9606-4D1C-BE52-7DB099145F3B}.Ad-Hoc|iPhone.Deploy.0 = Release|Any CPU
		{C013961E-9606-4D1C-BE52-7DB099145F3B}.Ad-Hoc|iPhoneSimulator.ActiveCfg = Release|Any CPU
		{C013961E-9606-4D1C-BE52-7DB099145F3B}.Ad-Hoc|iPhoneSimulator.Build.0 = Release|Any CPU
		{C013961E-9606-4D1C-BE52-7DB099145F3B}.Ad-Hoc|iPhoneSimulator.Deploy.0 = Release|Any CPU
		{C013961E-9606-4D1C-BE52-7DB099145F3B}.Ad-Hoc|x64.ActiveCfg = Release|x64
		{C013961E-9606-4D1C-BE52-7DB099145F3B}.Ad-Hoc|x64.Build.0 = Release|x64
		{C013961E-9606-4D1C-BE52-7DB099145F3B}.Ad-Hoc|x64.Deploy.0 = Release|x64
		{C013961E-9606-4D1C-BE52-7DB099145F3B}.Ad-Hoc|x86.ActiveCfg = Release|x86
		{C013961E-9606-4D1C-BE52-7DB099145F3B}.Ad-Hoc|x86.Build.0 = Release|x86
		{C013961E-9606-4D1C-BE52-7DB099145F3B}.Ad-Hoc|x86.Deploy.0 = Release|x86
		{C013961E-9606-4D1C-BE52-7DB099145F3B}.AppStore|Any CPU.ActiveCfg = Release|Any CPU
		{C013961E-9606-4D1C-BE52-7DB099145F3B}.AppStore|Any CPU.Build.0 = Release|Any CPU
		{C013961E-9606-4D1C-BE52-7DB099145F3B}.AppStore|Any CPU.Deploy.0 = Release|Any CPU
		{C013961E-9606-4D1C-BE52-7DB099145F3B}.AppStore|ARM.ActiveCfg = Release|ARM
		{C013961E-9606-4D1C-BE52-7DB099145F3B}.AppStore|ARM.Build.0 = Release|ARM
		{C013961E-9606-4D1C-BE52-7DB099145F3B}.AppStore|ARM.Deploy.0 = Release|ARM
		{C013961E-9606-4D1C-BE52-7DB099145F3B}.AppStore|iPhone.ActiveCfg = Release|Any CPU
		{C013961E-9606-4D1C-BE52-7DB099145F3B}.AppStore|iPhone.Build.0 = Release|Any CPU
		{C013961E-9606-4D1C-BE52-7DB099145F3B}.AppStore|iPhone.Deploy.0 = Release|Any CPU
		{C013961E-9606-4D1C-BE52-7DB099145F3B}.AppStore|iPhoneSimulator.ActiveCfg = Release|Any CPU
		{C013961E-9606-4D1C-BE52-7DB099145F3B}.AppStore|iPhoneSimulator.Build.0 = Release|Any CPU
		{C013961E-9606-4D1C-BE52-7DB099145F3B}.AppStore|iPhoneSimulator.Deploy.0 = Release|Any CPU
		{C013961E-9606-4D1C-BE52-7DB099145F3B}.AppStore|x64.ActiveCfg = Release|x64
		{C013961E-9606-4D1C-BE52-7DB099145F3B}.AppStore|x64.Build.0 = Release|x64
		{C013961E-9606-4D1C-BE52-7DB099145F3B}.AppStore|x64.Deploy.0 = Release|x64
		{C013961E-9606-4D1C-BE52-7DB099145F3B}.AppStore|x86.ActiveCfg = Release|x86
		{C013961E-9606-4D1C-BE52-7DB099145F3B}.AppStore|x86.Build.0 = Release|x86
		{C013961E-9606-4D1C-BE52-7DB099145F3B}.AppStore|x86.Deploy.0 = Release|x86
		{C013961E-9606-4D1C-BE52-7DB099145F3B}.Debug|Any CPU.ActiveCfg = Debug|Any CPU
		{C013961E-9606-4D1C-BE52-7DB099145F3B}.Debug|Any CPU.Build.0 = Debug|Any CPU
		{C013961E-9606-4D1C-BE52-7DB099145F3B}.Debug|Any CPU.Deploy.0 = Debug|Any CPU
		{C013961E-9606-4D1C-BE52-7DB099145F3B}.Debug|ARM.ActiveCfg = Debug|ARM
		{C013961E-9606-4D1C-BE52-7DB099145F3B}.Debug|ARM.Build.0 = Debug|ARM
		{C013961E-9606-4D1C-BE52-7DB099145F3B}.Debug|ARM.Deploy.0 = Debug|ARM
		{C013961E-9606-4D1C-BE52-7DB099145F3B}.Debug|iPhone.ActiveCfg = Debug|Any CPU
		{C013961E-9606-4D1C-BE52-7DB099145F3B}.Debug|iPhone.Build.0 = Debug|Any CPU
		{C013961E-9606-4D1C-BE52-7DB099145F3B}.Debug|iPhone.Deploy.0 = Debug|Any CPU
		{C013961E-9606-4D1C-BE52-7DB099145F3B}.Debug|iPhoneSimulator.ActiveCfg = Debug|Any CPU
		{C013961E-9606-4D1C-BE52-7DB099145F3B}.Debug|iPhoneSimulator.Build.0 = Debug|Any CPU
		{C013961E-9606-4D1C-BE52-7DB099145F3B}.Debug|iPhoneSimulator.Deploy.0 = Debug|Any CPU
		{C013961E-9606-4D1C-BE52-7DB099145F3B}.Debug|x64.ActiveCfg = Debug|x64
		{C013961E-9606-4D1C-BE52-7DB099145F3B}.Debug|x64.Build.0 = Debug|x64
		{C013961E-9606-4D1C-BE52-7DB099145F3B}.Debug|x64.Deploy.0 = Debug|x64
		{C013961E-9606-4D1C-BE52-7DB099145F3B}.Debug|x86.ActiveCfg = Debug|x86
		{C013961E-9606-4D1C-BE52-7DB099145F3B}.Debug|x86.Build.0 = Debug|x86
		{C013961E-9606-4D1C-BE52-7DB099145F3B}.Debug|x86.Deploy.0 = Debug|x86
		{C013961E-9606-4D1C-BE52-7DB099145F3B}.Release|Any CPU.ActiveCfg = Release|Any CPU
		{C013961E-9606-4D1C-BE52-7DB099145F3B}.Release|Any CPU.Build.0 = Release|Any CPU
		{C013961E-9606-4D1C-BE52-7DB099145F3B}.Release|Any CPU.Deploy.0 = Release|Any CPU
		{C013961E-9606-4D1C-BE52-7DB099145F3B}.Release|ARM.ActiveCfg = Release|ARM
		{C013961E-9606-4D1C-BE52-7DB099145F3B}.Release|ARM.Build.0 = Release|ARM
		{C013961E-9606-4D1C-BE52-7DB099145F3B}.Release|ARM.Deploy.0 = Release|ARM
		{C013961E-9606-4D1C-BE52-7DB099145F3B}.Release|iPhone.ActiveCfg = Release|Any CPU
		{C013961E-9606-4D1C-BE52-7DB099145F3B}.Release|iPhone.Build.0 = Release|Any CPU
		{C013961E-9606-4D1C-BE52-7DB099145F3B}.Release|iPhone.Deploy.0 = Release|Any CPU
		{C013961E-9606-4D1C-BE52-7DB099145F3B}.Release|iPhoneSimulator.ActiveCfg = Release|Any CPU
		{C013961E-9606-4D1C-BE52-7DB099145F3B}.Release|iPhoneSimulator.Build.0 = Release|Any CPU
		{C013961E-9606-4D1C-BE52-7DB099145F3B}.Release|iPhoneSimulator.Deploy.0 = Release|Any CPU
		{C013961E-9606-4D1C-BE52-7DB099145F3B}.Release|x64.ActiveCfg = Release|x64
		{C013961E-9606-4D1C-BE52-7DB099145F3B}.Release|x64.Build.0 = Release|x64
		{C013961E-9606-4D1C-BE52-7DB099145F3B}.Release|x64.Deploy.0 = Release|x64
		{C013961E-9606-4D1C-BE52-7DB099145F3B}.Release|x86.ActiveCfg = Release|x86
		{C013961E-9606-4D1C-BE52-7DB099145F3B}.Release|x86.Build.0 = Release|x86
		{C013961E-9606-4D1C-BE52-7DB099145F3B}.Release|x86.Deploy.0 = Release|x86
		{3E880110-8A58-46E9-8556-9842DC64DD32}.Ad-Hoc|Any CPU.ActiveCfg = Release|Any CPU
		{3E880110-8A58-46E9-8556-9842DC64DD32}.Ad-Hoc|Any CPU.Build.0 = Release|Any CPU
		{3E880110-8A58-46E9-8556-9842DC64DD32}.Ad-Hoc|ARM.ActiveCfg = Release|Any CPU
		{3E880110-8A58-46E9-8556-9842DC64DD32}.Ad-Hoc|ARM.Build.0 = Release|Any CPU
		{3E880110-8A58-46E9-8556-9842DC64DD32}.Ad-Hoc|iPhone.ActiveCfg = Release|Any CPU
		{3E880110-8A58-46E9-8556-9842DC64DD32}.Ad-Hoc|iPhone.Build.0 = Release|Any CPU
		{3E880110-8A58-46E9-8556-9842DC64DD32}.Ad-Hoc|iPhoneSimulator.ActiveCfg = Release|Any CPU
		{3E880110-8A58-46E9-8556-9842DC64DD32}.Ad-Hoc|iPhoneSimulator.Build.0 = Release|Any CPU
		{3E880110-8A58-46E9-8556-9842DC64DD32}.Ad-Hoc|x64.ActiveCfg = Release|Any CPU
		{3E880110-8A58-46E9-8556-9842DC64DD32}.Ad-Hoc|x64.Build.0 = Release|Any CPU
		{3E880110-8A58-46E9-8556-9842DC64DD32}.Ad-Hoc|x86.ActiveCfg = Release|Any CPU
		{3E880110-8A58-46E9-8556-9842DC64DD32}.Ad-Hoc|x86.Build.0 = Release|Any CPU
		{3E880110-8A58-46E9-8556-9842DC64DD32}.AppStore|Any CPU.ActiveCfg = Release|Any CPU
		{3E880110-8A58-46E9-8556-9842DC64DD32}.AppStore|Any CPU.Build.0 = Release|Any CPU
		{3E880110-8A58-46E9-8556-9842DC64DD32}.AppStore|ARM.ActiveCfg = Release|Any CPU
		{3E880110-8A58-46E9-8556-9842DC64DD32}.AppStore|ARM.Build.0 = Release|Any CPU
		{3E880110-8A58-46E9-8556-9842DC64DD32}.AppStore|iPhone.ActiveCfg = Release|Any CPU
		{3E880110-8A58-46E9-8556-9842DC64DD32}.AppStore|iPhone.Build.0 = Release|Any CPU
		{3E880110-8A58-46E9-8556-9842DC64DD32}.AppStore|iPhoneSimulator.ActiveCfg = Release|Any CPU
		{3E880110-8A58-46E9-8556-9842DC64DD32}.AppStore|iPhoneSimulator.Build.0 = Release|Any CPU
		{3E880110-8A58-46E9-8556-9842DC64DD32}.AppStore|x64.ActiveCfg = Release|Any CPU
		{3E880110-8A58-46E9-8556-9842DC64DD32}.AppStore|x64.Build.0 = Release|Any CPU
		{3E880110-8A58-46E9-8556-9842DC64DD32}.AppStore|x86.ActiveCfg = Release|Any CPU
		{3E880110-8A58-46E9-8556-9842DC64DD32}.AppStore|x86.Build.0 = Release|Any CPU
		{3E880110-8A58-46E9-8556-9842DC64DD32}.Debug|Any CPU.ActiveCfg = Debug|Any CPU
		{3E880110-8A58-46E9-8556-9842DC64DD32}.Debug|Any CPU.Build.0 = Debug|Any CPU
		{3E880110-8A58-46E9-8556-9842DC64DD32}.Debug|ARM.ActiveCfg = Debug|Any CPU
		{3E880110-8A58-46E9-8556-9842DC64DD32}.Debug|ARM.Build.0 = Debug|Any CPU
		{3E880110-8A58-46E9-8556-9842DC64DD32}.Debug|iPhone.ActiveCfg = Debug|Any CPU
		{3E880110-8A58-46E9-8556-9842DC64DD32}.Debug|iPhone.Build.0 = Debug|Any CPU
		{3E880110-8A58-46E9-8556-9842DC64DD32}.Debug|iPhoneSimulator.ActiveCfg = Debug|Any CPU
		{3E880110-8A58-46E9-8556-9842DC64DD32}.Debug|iPhoneSimulator.Build.0 = Debug|Any CPU
		{3E880110-8A58-46E9-8556-9842DC64DD32}.Debug|x64.ActiveCfg = Debug|Any CPU
		{3E880110-8A58-46E9-8556-9842DC64DD32}.Debug|x64.Build.0 = Debug|Any CPU
		{3E880110-8A58-46E9-8556-9842DC64DD32}.Debug|x86.ActiveCfg = Debug|Any CPU
		{3E880110-8A58-46E9-8556-9842DC64DD32}.Debug|x86.Build.0 = Debug|Any CPU
		{3E880110-8A58-46E9-8556-9842DC64DD32}.Release|Any CPU.ActiveCfg = Release|Any CPU
		{3E880110-8A58-46E9-8556-9842DC64DD32}.Release|Any CPU.Build.0 = Release|Any CPU
		{3E880110-8A58-46E9-8556-9842DC64DD32}.Release|ARM.ActiveCfg = Release|Any CPU
		{3E880110-8A58-46E9-8556-9842DC64DD32}.Release|ARM.Build.0 = Release|Any CPU
		{3E880110-8A58-46E9-8556-9842DC64DD32}.Release|iPhone.ActiveCfg = Release|Any CPU
		{3E880110-8A58-46E9-8556-9842DC64DD32}.Release|iPhone.Build.0 = Release|Any CPU
		{3E880110-8A58-46E9-8556-9842DC64DD32}.Release|iPhoneSimulator.ActiveCfg = Release|Any CPU
		{3E880110-8A58-46E9-8556-9842DC64DD32}.Release|iPhoneSimulator.Build.0 = Release|Any CPU
		{3E880110-8A58-46E9-8556-9842DC64DD32}.Release|x64.ActiveCfg = Release|Any CPU
		{3E880110-8A58-46E9-8556-9842DC64DD32}.Release|x64.Build.0 = Release|Any CPU
		{3E880110-8A58-46E9-8556-9842DC64DD32}.Release|x86.ActiveCfg = Release|Any CPU
		{3E880110-8A58-46E9-8556-9842DC64DD32}.Release|x86.Build.0 = Release|Any CPU
	EndGlobalSection
	GlobalSection(SolutionProperties) = preSolution
		HideSolutionNode = FALSE
	EndGlobalSection
EndGlobal
